// !$*UTF8*$!
{ archiveVersion = 1; classes = {}; objectVersion = 56;
objects = {
"A9F83958E7E9EF104095179C" = { "isa" = "PBXFileReference"; "lastKnownFileType" = "sourcecode.swift"; "path" = "App/VPNSplitterApp.swift"; "sourceTree" = "<group>"; };
"41F898C3F2DAD6D4FE068BC2" = { "isa" = "PBXFileReference"; "lastKnownFileType" = "sourcecode.swift"; "path" = "App/SpikeController.swift"; "sourceTree" = "<group>"; };
"BBB6461D1923AF7D257515FA" = { "isa" = "PBXFileReference"; "lastKnownFileType" = "sourcecode.swift"; "path" = "App/ManagedTunnelLaunchClient.swift"; "sourceTree" = "<group>"; };
"B7280909872BC442D629350C" = { "isa" = "PBXFileReference"; "lastKnownFileType" = "sourcecode.swift"; "path" = "PacketTunnel/main.swift"; "sourceTree" = "<group>"; };
"BF0BF6A90BAAA91CE693BA33" = { "isa" = "PBXFileReference"; "lastKnownFileType" = "sourcecode.swift"; "path" = "PacketTunnel/PacketTunnelProvider.swift"; "sourceTree" = "<group>"; };
"67BD4EB2C00CC187D5B6FE0E" = { "isa" = "PBXFileReference"; "lastKnownFileType" = "text.plist.xml"; "path" = "App/Info.plist"; "sourceTree" = "<group>"; };
"ED67426A5FCDD773166ADF7E" = { "isa" = "PBXFileReference"; "lastKnownFileType" = "text.plist.xml"; "path" = "PacketTunnel/Info.plist"; "sourceTree" = "<group>"; };
"5512F42DED1A1525A270ACA4" = { "isa" = "PBXFileReference"; "lastKnownFileType" = "text.xcconfig"; "path" = "Config/Debug.xcconfig"; "sourceTree" = "<group>"; };
"D53BE72F459F42878E777F81" = { "isa" = "PBXFileReference"; "lastKnownFileType" = "text.xcconfig"; "path" = "Config/Release.xcconfig"; "sourceTree" = "<group>"; };
"AB4CF9F91B6EE1C9B0D3AB2B" = { "isa" = "PBXFileReference"; "lastKnownFileType" = "text.xcconfig"; "path" = "Config/DeveloperID.xcconfig"; "sourceTree" = "<group>"; };
"97D28FE17C9B863C907A0FF4" = { "isa" = "PBXFileReference"; "lastKnownFileType" = "text.xcconfig"; "path" = "Config/Base.xcconfig"; "sourceTree" = "<group>"; };
"EB3B81E2584C40C1A9CB3927" = { "isa" = "PBXFileReference"; "lastKnownFileType" = "text.plist.entitlements"; "path" = "Config/App.Development.entitlements"; "sourceTree" = "<group>"; };
"15C19CAC40E80350BB501C9C" = { "isa" = "PBXFileReference"; "lastKnownFileType" = "text.plist.entitlements"; "path" = "Config/App.DeveloperID.entitlements"; "sourceTree" = "<group>"; };
"2EAD56388DCB64A0D8249346" = { "isa" = "PBXFileReference"; "lastKnownFileType" = "text.plist.entitlements"; "path" = "Config/PacketTunnel.Development.entitlements"; "sourceTree" = "<group>"; };
"87D5481B1C33A834E5ABAA7E" = { "isa" = "PBXFileReference"; "lastKnownFileType" = "text.plist.entitlements"; "path" = "Config/PacketTunnel.DeveloperID.entitlements"; "sourceTree" = "<group>"; };
"C64ABEFD0E7C8B84C99AAF75" = { "isa" = "PBXFileReference"; "explicitFileType" = "wrapper.application"; "includeInIndex" = "0"; "path" = "VPN-Splitter.app"; "sourceTree" = "BUILT_PRODUCTS_DIR"; };
"C7789DFDFA42540BA30BEC20" = { "isa" = "PBXFileReference"; "explicitFileType" = "wrapper.system-extension"; "includeInIndex" = "0"; "path" = "$(VPN_EXTENSION_BUNDLE_ID).systemextension"; "sourceTree" = "BUILT_PRODUCTS_DIR"; };
"0A3E27B8CA818264D75C8D81" = { "isa" = "PBXGroup"; "children" = ( "C64ABEFD0E7C8B84C99AAF75", "C7789DFDFA42540BA30BEC20", ); "name" = "Products"; "sourceTree" = "<group>"; };
"4813494D137E1631BBA301D5" = { "isa" = "PBXGroup"; "children" = ( "A9F83958E7E9EF104095179C", "41F898C3F2DAD6D4FE068BC2", "BBB6461D1923AF7D257515FA", "B7280909872BC442D629350C", "BF0BF6A90BAAA91CE693BA33", "67BD4EB2C00CC187D5B6FE0E", "ED67426A5FCDD773166ADF7E", "5512F42DED1A1525A270ACA4", "D53BE72F459F42878E777F81", "AB4CF9F91B6EE1C9B0D3AB2B", "97D28FE17C9B863C907A0FF4", "EB3B81E2584C40C1A9CB3927", "15C19CAC40E80350BB501C9C", "2EAD56388DCB64A0D8249346", "87D5481B1C33A834E5ABAA7E", "0A3E27B8CA818264D75C8D81", ); "sourceTree" = "<group>"; };
"BC4A71180870F7945155FBB0" = { "isa" = "XCLocalSwiftPackageReference"; "relativePath" = "../../Packages/PolicyCore"; };
"025783B85E23F7B4B1F4D107" = { "isa" = "XCLocalSwiftPackageReference"; "relativePath" = "../../Packages/ProviderConfiguration"; };
"5D88E9B620A8D407DB53F0BE" = { "isa" = "PBXBuildFile"; "fileRef" = "A9F83958E7E9EF104095179C"; };
"860BDDB28AB747B87F6E3D37" = { "isa" = "PBXBuildFile"; "fileRef" = "41F898C3F2DAD6D4FE068BC2"; };
"85FBE898BB920C29E0405FEC" = { "isa" = "PBXBuildFile"; "fileRef" = "BBB6461D1923AF7D257515FA"; };
"76E512711C5F577B8E6FBFD0" = { "isa" = "PBXSourcesBuildPhase"; "buildActionMask" = "2147483647"; "files" = ( "5D88E9B620A8D407DB53F0BE", "860BDDB28AB747B87F6E3D37", "85FBE898BB920C29E0405FEC", ); "runOnlyForDeploymentPostprocessing" = "0"; };
"6FF22BB8E0B4ABD6BB0936F3" = { "isa" = "XCSwiftPackageProductDependency"; "package" = "BC4A71180870F7945155FBB0"; "productName" = "PolicyCore"; };
"F4D25C43DAC699168DE88A86" = { "isa" = "PBXBuildFile"; "productRef" = "6FF22BB8E0B4ABD6BB0936F3"; };
"4668F5DCD16703E2E01E3C1E" = { "isa" = "XCSwiftPackageProductDependency"; "package" = "025783B85E23F7B4B1F4D107"; "productName" = "ProviderConfiguration"; };
"A4959C430FC4BC9608977A44" = { "isa" = "PBXBuildFile"; "productRef" = "4668F5DCD16703E2E01E3C1E"; };
"49437234D5065FDA996CF015" = { "isa" = "PBXFrameworksBuildPhase"; "buildActionMask" = "2147483647"; "files" = ( "F4D25C43DAC699168DE88A86", "A4959C430FC4BC9608977A44", ); "runOnlyForDeploymentPostprocessing" = "0"; };
"87D6626BE2AC0AB5E63AD0B9" = { "isa" = "XCBuildConfiguration"; "baseConfigurationReference" = "5512F42DED1A1525A270ACA4"; "buildSettings" = { "PRODUCT_BUNDLE_IDENTIFIER" = "$(VPN_APP_BUNDLE_ID)"; "PRODUCT_NAME" = "VPN-Splitter"; "PRODUCT_MODULE_NAME" = "VPNSplitterMac"; "INFOPLIST_FILE" = "App/Info.plist"; "CODE_SIGN_ENTITLEMENTS" = "Config/App.Development.entitlements"; "SKIP_INSTALL" = "NO"; "LD_RUNPATH_SEARCH_PATHS" = ( "$(inherited)", "@executable_path/../Frameworks", ); "ENABLE_APP_SANDBOX" = "NO"; }; "name" = "Debug"; };
"3A9669118334ABE63A2B8662" = { "isa" = "XCBuildConfiguration"; "baseConfigurationReference" = "D53BE72F459F42878E777F81"; "buildSettings" = { "PRODUCT_BUNDLE_IDENTIFIER" = "$(VPN_APP_BUNDLE_ID)"; "PRODUCT_NAME" = "VPN-Splitter"; "PRODUCT_MODULE_NAME" = "VPNSplitterMac"; "INFOPLIST_FILE" = "App/Info.plist"; "CODE_SIGN_ENTITLEMENTS" = "Config/App.Development.entitlements"; "SKIP_INSTALL" = "NO"; "LD_RUNPATH_SEARCH_PATHS" = ( "$(inherited)", "@executable_path/../Frameworks", ); "ENABLE_APP_SANDBOX" = "NO"; }; "name" = "Release"; };
"C0454906E5A991B3195BB592" = { "isa" = "XCBuildConfiguration"; "baseConfigurationReference" = "AB4CF9F91B6EE1C9B0D3AB2B"; "buildSettings" = { "PRODUCT_BUNDLE_IDENTIFIER" = "$(VPN_APP_BUNDLE_ID)"; "PRODUCT_NAME" = "VPN-Splitter"; "PRODUCT_MODULE_NAME" = "VPNSplitterMac"; "INFOPLIST_FILE" = "App/Info.plist"; "CODE_SIGN_ENTITLEMENTS" = "Config/App.DeveloperID.entitlements"; "SKIP_INSTALL" = "NO"; "LD_RUNPATH_SEARCH_PATHS" = ( "$(inherited)", "@executable_path/../Frameworks", ); "ENABLE_APP_SANDBOX" = "NO"; "PROVISIONING_PROFILE_SPECIFIER" = "$(VPN_APP_PROFILE_SPECIFIER)"; }; "name" = "DeveloperID"; };
"CCC668A2049C477C7C58956C" = { "isa" = "XCConfigurationList"; "buildConfigurations" = ( "87D6626BE2AC0AB5E63AD0B9", "3A9669118334ABE63A2B8662", "C0454906E5A991B3195BB592", ); "defaultConfigurationIsVisible" = "0"; "defaultConfigurationName" = "Debug"; };
"5CB2B5E92F92DEF2B6613E9C" = { "isa" = "PBXBuildFile"; "fileRef" = "C7789DFDFA42540BA30BEC20"; "settings" = { "ATTRIBUTES" = ( "CodeSignOnCopy", "RemoveHeadersOnCopy", ); }; };
"8A1EED22144C3F04485A69EE" = { "isa" = "PBXCopyFilesBuildPhase"; "buildActionMask" = "2147483647"; "dstPath" = "$(CONTENTS_FOLDER_PATH)/Library/SystemExtensions"; "dstSubfolderSpec" = "16"; "files" = ( "5CB2B5E92F92DEF2B6613E9C", ); "name" = "Embed System Extensions"; "runOnlyForDeploymentPostprocessing" = "0"; };
"1241936D4DD3AAD68FE7BFBD" = { "isa" = "PBXContainerItemProxy"; "containerPortal" = "244210E48437B6556980A702"; "proxyType" = "1"; "remoteGlobalIDString" = "8C7F3859D0A2D53BF12CC924"; "remoteInfo" = "PacketTunnel"; };
"D58CFE5FAF44EECB7D2DEFEF" = { "isa" = "PBXTargetDependency"; "target" = "8C7F3859D0A2D53BF12CC924"; "targetProxy" = "1241936D4DD3AAD68FE7BFBD"; };
"E1981CC376DE7EBF412EB168" = { "isa" = "PBXNativeTarget"; "buildConfigurationList" = "CCC668A2049C477C7C58956C"; "buildPhases" = ( "76E512711C5F577B8E6FBFD0", "49437234D5065FDA996CF015", "8A1EED22144C3F04485A69EE", ); "buildRules" = ( ); "dependencies" = ( "D58CFE5FAF44EECB7D2DEFEF", ); "name" = "VPN-Splitter"; "packageProductDependencies" = ( "6FF22BB8E0B4ABD6BB0936F3", "4668F5DCD16703E2E01E3C1E", ); "productName" = "VPN-Splitter"; "productReference" = "C64ABEFD0E7C8B84C99AAF75"; "productType" = "com.apple.product-type.application"; };
"31879791A63F3E6121695BF0" = { "isa" = "PBXBuildFile"; "fileRef" = "B7280909872BC442D629350C"; };
"E11439005A3BC479F614FE85" = { "isa" = "PBXBuildFile"; "fileRef" = "BF0BF6A90BAAA91CE693BA33"; };
"11B19F97417707025E83A693" = { "isa" = "PBXSourcesBuildPhase"; "buildActionMask" = "2147483647"; "files" = ( "31879791A63F3E6121695BF0", "E11439005A3BC479F614FE85", ); "runOnlyForDeploymentPostprocessing" = "0"; };
"5BB7E9EE4C8AE28F4D2B11A6" = { "isa" = "XCSwiftPackageProductDependency"; "package" = "BC4A71180870F7945155FBB0"; "productName" = "PolicyCore"; };
"00582122D4E755A1B4FB16E3" = { "isa" = "PBXBuildFile"; "productRef" = "5BB7E9EE4C8AE28F4D2B11A6"; };
"7DBBA85DACD1391A75509600" = { "isa" = "XCSwiftPackageProductDependency"; "package" = "025783B85E23F7B4B1F4D107"; "productName" = "ProviderConfiguration"; };
"5DB3641C180D6E477AE2BAE9" = { "isa" = "PBXBuildFile"; "productRef" = "7DBBA85DACD1391A75509600"; };
"995B882C51BCFEDF3483BF53" = { "isa" = "PBXFrameworksBuildPhase"; "buildActionMask" = "2147483647"; "files" = ( "00582122D4E755A1B4FB16E3", "5DB3641C180D6E477AE2BAE9", ); "runOnlyForDeploymentPostprocessing" = "0"; };
"7323CA68517B782B4B57C64F" = { "isa" = "XCBuildConfiguration"; "baseConfigurationReference" = "5512F42DED1A1525A270ACA4"; "buildSettings" = { "PRODUCT_BUNDLE_IDENTIFIER" = "$(VPN_EXTENSION_BUNDLE_ID)"; "PRODUCT_NAME" = "$(VPN_EXTENSION_BUNDLE_ID)"; "PRODUCT_MODULE_NAME" = "VPNPacketTunnel"; "INFOPLIST_FILE" = "PacketTunnel/Info.plist"; "CODE_SIGN_ENTITLEMENTS" = "Config/PacketTunnel.Development.entitlements"; "SKIP_INSTALL" = "YES"; "LD_RUNPATH_SEARCH_PATHS" = ( "$(inherited)", "@executable_path/../Frameworks", ); "EXECUTABLE_NAME" = "VPNPacketTunnel"; "WRAPPER_EXTENSION" = "systemextension"; "ENABLE_APP_SANDBOX" = "YES"; }; "name" = "Debug"; };
"67596725BD5494474DD35065" = { "isa" = "XCBuildConfiguration"; "baseConfigurationReference" = "D53BE72F459F42878E777F81"; "buildSettings" = { "PRODUCT_BUNDLE_IDENTIFIER" = "$(VPN_EXTENSION_BUNDLE_ID)"; "PRODUCT_NAME" = "$(VPN_EXTENSION_BUNDLE_ID)"; "PRODUCT_MODULE_NAME" = "VPNPacketTunnel"; "INFOPLIST_FILE" = "PacketTunnel/Info.plist"; "CODE_SIGN_ENTITLEMENTS" = "Config/PacketTunnel.Development.entitlements"; "SKIP_INSTALL" = "YES"; "LD_RUNPATH_SEARCH_PATHS" = ( "$(inherited)", "@executable_path/../Frameworks", ); "EXECUTABLE_NAME" = "VPNPacketTunnel"; "WRAPPER_EXTENSION" = "systemextension"; "ENABLE_APP_SANDBOX" = "YES"; }; "name" = "Release"; };
"7857401666EA80D23A1830BB" = { "isa" = "XCBuildConfiguration"; "baseConfigurationReference" = "AB4CF9F91B6EE1C9B0D3AB2B"; "buildSettings" = { "PRODUCT_BUNDLE_IDENTIFIER" = "$(VPN_EXTENSION_BUNDLE_ID)"; "PRODUCT_NAME" = "$(VPN_EXTENSION_BUNDLE_ID)"; "PRODUCT_MODULE_NAME" = "VPNPacketTunnel"; "INFOPLIST_FILE" = "PacketTunnel/Info.plist"; "CODE_SIGN_ENTITLEMENTS" = "Config/PacketTunnel.DeveloperID.entitlements"; "SKIP_INSTALL" = "YES"; "LD_RUNPATH_SEARCH_PATHS" = ( "$(inherited)", "@executable_path/../Frameworks", ); "EXECUTABLE_NAME" = "VPNPacketTunnel"; "WRAPPER_EXTENSION" = "systemextension"; "ENABLE_APP_SANDBOX" = "YES"; "PROVISIONING_PROFILE_SPECIFIER" = "$(VPN_EXTENSION_PROFILE_SPECIFIER)"; }; "name" = "DeveloperID"; };
"B726505C67A738372CB0D8F4" = { "isa" = "XCConfigurationList"; "buildConfigurations" = ( "7323CA68517B782B4B57C64F", "67596725BD5494474DD35065", "7857401666EA80D23A1830BB", ); "defaultConfigurationIsVisible" = "0"; "defaultConfigurationName" = "Debug"; };
"8C7F3859D0A2D53BF12CC924" = { "isa" = "PBXNativeTarget"; "buildConfigurationList" = "B726505C67A738372CB0D8F4"; "buildPhases" = ( "11B19F97417707025E83A693", "995B882C51BCFEDF3483BF53", ); "buildRules" = ( ); "dependencies" = ( ); "name" = "PacketTunnel"; "packageProductDependencies" = ( "5BB7E9EE4C8AE28F4D2B11A6", "7DBBA85DACD1391A75509600", ); "productName" = "PacketTunnel"; "productReference" = "C7789DFDFA42540BA30BEC20"; "productType" = "com.apple.product-type.system-extension"; };
"3D5D06619AD2FD8BA0F34D57" = { "isa" = "XCBuildConfiguration"; "baseConfigurationReference" = "5512F42DED1A1525A270ACA4"; "buildSettings" = { }; "name" = "Debug"; };
"61EE91C00F7653342CB155AF" = { "isa" = "XCBuildConfiguration"; "baseConfigurationReference" = "D53BE72F459F42878E777F81"; "buildSettings" = { }; "name" = "Release"; };
"D1359897739FA02B034FB3FA" = { "isa" = "XCBuildConfiguration"; "baseConfigurationReference" = "AB4CF9F91B6EE1C9B0D3AB2B"; "buildSettings" = { }; "name" = "DeveloperID"; };
"F0D0CC3CD0AE36F97BD8FD2B" = { "isa" = "XCConfigurationList"; "buildConfigurations" = ( "3D5D06619AD2FD8BA0F34D57", "61EE91C00F7653342CB155AF", "D1359897739FA02B034FB3FA", ); "defaultConfigurationIsVisible" = "0"; "defaultConfigurationName" = "Debug"; };
"244210E48437B6556980A702" = { "isa" = "PBXProject"; "attributes" = { "BuildIndependentTargetsInParallel" = "YES"; "LastUpgradeCheck" = "2600"; "TargetAttributes" = { "E1981CC376DE7EBF412EB168" = { "CreatedOnToolsVersion" = "26.0"; "SystemCapabilities" = { "com.apple.NetworkExtensions" = { "enabled" = "1"; }; "com.apple.SystemExtension" = { "enabled" = "1"; }; }; }; "8C7F3859D0A2D53BF12CC924" = { "CreatedOnToolsVersion" = "26.0"; "SystemCapabilities" = { "com.apple.NetworkExtensions" = { "enabled" = "1"; }; "com.apple.Sandbox" = { "enabled" = "1"; }; }; }; }; }; "buildConfigurationList" = "F0D0CC3CD0AE36F97BD8FD2B"; "compatibilityVersion" = "Xcode 14.0"; "developmentRegion" = "en"; "hasScannedForEncodings" = "0"; "knownRegions" = ( "en", "Base", ); "mainGroup" = "4813494D137E1631BBA301D5"; "packageReferences" = ( "BC4A71180870F7945155FBB0", "025783B85E23F7B4B1F4D107", ); "productRefGroup" = "0A3E27B8CA818264D75C8D81"; "projectDirPath" = ""; "projectRoot" = ""; "targets" = ( "E1981CC376DE7EBF412EB168", "8C7F3859D0A2D53BF12CC924", ); };
}; rootObject = 244210E48437B6556980A702; }
